dependencies:
- name: mysql
  repository: https://charts.bitnami.com/bitnami
  version: 9.14.4
- name: redis
  repository: https://charts.bitnami.com/bitnami
  version: 18.4.0
- name: influxdb
  repository: https://charts.bitnami.com/bitnami
  version: 5.11.1
digest: sha256:abaaa46374965512830ba36bd78258d36c3567ea5862759d71dd4f66fb5eda89
generated: "2023-12-13T14:59:53.987527+09:00"
